
Microsoft Visual Studio Solution File, Format Version 12.00
# Visual Studio 2013
VisualStudioVersion = 12.0.30723.0
MinimumVisualStudioVersion = 10.0.40219.1
Project("{8BC9CEB8-8B4A-11D0-8D11-00A0C91BC942}") = "IsInternetConnectedNSIS", "IsInternetConnectedNSIS\IsInternetConnectedNSIS.vcxproj", "{314F61F1-E87C-4FD3-BFA3-7C9C4C8E17A0}"
EndProject
Global
	GlobalSection(SolutionConfigurationPlatforms) = preSolution
		Debug|Win32 = Debug|Win32
		Release|Win32 = Release|Win32
	EndGlobalSection
	GlobalSection(ProjectConfigurationPlatforms) = postSolution
		{314F61F1-E87C-4FD3-BFA3-7C9C4C8E17A0}.Debug|Win32.ActiveCfg = Release|Win32
		{314F61F1-E87C-4FD3-BFA3-7C9C4C8E17A0}.Debug|Win32.Build.0 = Release|Win32
		{314F61F1-E87C-4FD3-BFA3-7C9C4C8E17A0}.Release|Win32.ActiveCfg = Release|Win32
		{314F61F1-E87C-4FD3-BFA3-7C9C4C8E17A0}.Release|Win32.Build.0 = Release|Win32
	EndGlobalSection
	GlobalSection(SolutionProperties) = preSolution
		HideSolutionNode = FALSE
	EndGlobalSection
EndGlobal
